
Microsoft Visual Studio Solution File, Format Version 12.00
# Visual Studio Version 17
VisualStudioVersion = 17.5.33530.505
MinimumVisualStudioVersion = 10.0.40219.1
Project("{9A19103F-16F7-4668-BE54-9A1E7A4F7556}") = "TextEditor", "TextEditor.csproj", "{3B1407E3-824D-444F-82DF-1EFB69CABDEA}"
EndProject
Global
	GlobalSection(SolutionConfigurationPlatforms) = preSolution
		Debug|Any CPU = Debug|Any CPU
		Release|Any CPU = Release|Any CPU
	EndGlobalSection
	GlobalSection(ProjectConfigurationPlatforms) = postSolution
		{3B1407E3-824D-444F-82DF-1EFB69CABDEA}.Debug|Any CPU.ActiveCfg = Debug|Any CPU
		{3B1407E3-824D-444F-82DF-1EFB69CABDEA}.Debug|Any CPU.Build.0 = Debug|Any CPU
		{3B1407E3-824D-444F-82DF-1EFB69CABDEA}.Release|Any CPU.ActiveCfg = Release|Any CPU
		{3B1407E3-824D-444F-82DF-1EFB69CABDEA}.Release|Any CPU.Build.0 = Release|Any CPU
	EndGlobalSection
	GlobalSection(SolutionProperties) = preSolution
		HideSolutionNode = FALSE
	EndGlobalSection
	GlobalSection(ExtensibilityGlobals) = postSolution
		SolutionGuid = {B6DA2D03-A011-485D-AF20-146C4F145A37}
	EndGlobalSection
EndGlobal
